// !$*UTF8*$!
{
	archiveVersion = 1;
	classes = {
	};
	objectVersion = 77;
	objects = {

/* Begin PBXContainerItemProxy section */
		EDBC16222D0FFCBC0033C968 /* PBXContainerItemProxy */ = {
			isa = PBXContainerItemProxy;
			containerPortal = EDBC16092D0FFCBB0033C968 /* Project object */;
			proxyType = 1;
			remoteGlobalIDString = EDBC16102D0FFCBB0033C968;
			remoteInfo = PhotoFace;
		};
		EDBC162C2D0FFCBC0033C968 /* PBXContainerItemProxy */ = {
			isa = PBXContainerItemProxy;
			containerPortal = EDBC16092D0FFCBB0033C968 /* Project object */;
			proxyType = 1;
			remoteGlobalIDString = EDBC16102D0FFCBB0033C968;
			remoteInfo = PhotoFace;
		};
/* End PBXContainerItemProxy section */

/* Begin PBXFileReference section */
		EDBC16112D0FFCBB0033C968 /* PhotoFace.app */ = {isa = PBXFileReference; explicitFileType = wrapper.application; includeInIndex = 0; path = PhotoFace.app; sourceTree = BUILT_PRODUCTS_DIR; };
		EDBC16212D0FFCBC0033C968 /* PhotoFaceTests.xctest */ = {isa = PBXFileReference; explicitFileType = wrapper.cfbundle; includeInIndex = 0; path = PhotoFaceTests.xctest; sourceTree = BUILT_PRODUCTS_DIR; };
		EDBC162B2D0FFCBC0033C968 /* PhotoFaceUITests.xctest */ = {isa = PBXFileReference; explicitFileType = wrapper.cfbundle; includeInIndex = 0; path = PhotoFaceUITests.xctest; sourceTree = BUILT_PRODUCTS_DIR; };
/* End PBXFileReference section */

/* Begin PBXFileSystemSynchronizedRootGroup section */
		EDBC16132D0FFCBB0033C968 /* PhotoFace */ = {
			isa = PBXFileSystemSynchronizedRootGroup;
			path = PhotoFace;
			sourceTree = "<group>";
		};
		EDBC16242D0FFCBC0033C968 /* PhotoFaceTests */ = {
			isa = PBXFileSystemSynchronizedRootGroup;
			path = PhotoFaceTests;
			sourceTree = "<group>";
		};
		EDBC162E2D0FFCBC0033C968 /* PhotoFaceUITests */ = {
			isa = PBXFileSystemSynchronizedRootGroup;
			path = PhotoFaceUITests;
			sourceTree = "<group>";
		};
/* End PBXFileSystemSynchronizedRootGroup section */

/* Begin PBXFrameworksBuildPhase section */
		EDBC160E2D0FFCBB0033C968 /* Frameworks */ = {
			isa = PBXFrameworksBuildPhase;
			buildActionMask = 2147483647;
			files = (
			);
			runOnlyForDeploymentPostprocessing = 0;
		};
		EDBC161E2D0FFCBC0033C968 /* Frameworks */ = {
			isa = PBXFrameworksBuildPhase;
			buildActionMask = 2147483647;
			files = (
			);
			runOnlyForDeploymentPostprocessing = 0;
		};
		EDBC16282D0FFCBC0033C968 /* Frameworks */ = {
			isa = PBXFrameworksBuildPhase;
			buildActionMask = 2147483647;
			files = (
			);
			runOnlyForDeploymentPostprocessing = 0;
		};
/* End PBXFrameworksBuildPhase section */

/* Begin PBXGroup section */
		EDBC16082D0FFCBB0033C968 = {
			isa = PBXGroup;
			children = (
				EDBC16132D0FFCBB0033C968 /* PhotoFace */,
				EDBC16242D0FFCBC0033C968 /* PhotoFaceTests */,
				EDBC162E2D0FFCBC0033C968 /* PhotoFaceUITests */,
				EDBC16122D0FFCBB0033C968 /* Products */,
			);
			sourceTree = "<group>";
		};
		EDBC16122D0FFCBB0033C968 /* Products */ = {
			isa = PBXGroup;
			children = (
				EDBC16112D0FFCBB0033C968 /* PhotoFace.app */,
				EDBC16212D0FFCBC0033C968 /* PhotoFaceTests.xctest */,
				EDBC162B2D0FFCBC0033C968 /* PhotoFaceUITests.xctest */,
			);
			name = Products;
			sourceTree = "<group>";
		};
/* End PBXGroup section */

/* Begin PBXNativeTarget section */
		EDBC16102D0FFCBB0033C968 /* PhotoFace */ = {
			isa = PBXNativeTarget;
			buildConfigurationList = EDBC16352D0FFCBC0033C968 /* Build configuration list for PBXNativeTarget "PhotoFace" */;
			buildPhases = (
				EDBC160D2D0FFCBB0033C968 /* Sources */,
				EDBC160E2D0FFCBB0033C968 /* Frameworks */,
				EDBC160F2D0FFCBB0033C968 /* Resources */,
			);
			buildRules = (
			);
			dependencies = (
			);
			fileSystemSynchronizedGroups = (
				EDBC16132D0FFCBB0033C968 /* PhotoFace */,
			);
			name = PhotoFace;
			packageProductDependencies = (
			);
			productName = PhotoFace;
			productReference = EDBC16112D0FFCBB0033C968 /* PhotoFace.app */;
			productType = "com.apple.product-type.application";
		};
		EDBC16202D0FFCBC0033C968 /* PhotoFaceTests */ = {
			isa = PBXNativeTarget;
			buildConfigurationList = EDBC16382D0FFCBC0033C968 /* Build configuration list for PBXNativeTarget "PhotoFaceTests" */;
			buildPhases = (
				EDBC161D2D0FFCBC0033C968 /* Sources */,
				EDBC161E2D0FFCBC0033C968 /* Frameworks */,
				EDBC161F2D0FFCBC0033C968 /* Resources */,
			);
			buildRules = (
			);
			dependencies = (
				EDBC16232D0FFCBC0033C968 /* PBXTargetDependency */,
			);
			fileSystemSynchronizedGroups = (
				EDBC16242D0FFCBC0033C968 /* PhotoFaceTests */,
			);
			name = PhotoFaceTests;
			packageProductDependencies = (
			);
			productName = PhotoFaceTests;
			productReference = EDBC16212D0FFCBC0033C968 /* PhotoFaceTests.xctest */;
			productType = "com.apple.product-type.bundle.unit-test";
		};
		EDBC162A2D0FFCBC0033C968 /* PhotoFaceUITests */ = {
			isa = PBXNativeTarget;
			buildConfigurationList = EDBC163B2D0FFCBC0033C968 /* Build configuration list for PBXNativeTarget "PhotoFaceUITests" */;
			buildPhases = (
				EDBC16272D0FFCBC0033C968 /* Sources */,
				EDBC16282D0FFCBC0033C968 /* Frameworks */,
				EDBC16292D0FFCBC0033C968 /* Resources */,
			);
			buildRules = (
			);
			dependencies = (
				EDBC162D2D0FFCBC0033C968 /* PBXTargetDependency */,
			);
			fileSystemSynchronizedGroups = (
				EDBC162E2D0FFCBC0033C968 /* PhotoFaceUITests */,
			);
			name = PhotoFaceUITests;
			packageProductDependencies = (
			);
			productName = PhotoFaceUITests;
			productReference = EDBC162B2D0FFCBC0033C968 /* PhotoFaceUITests.xctest */;
			productType = "com.apple.product-type.bundle.ui-testing";
		};
/* End PBXNativeTarget section */

/* Begin PBXProject section */
		EDBC16092D0FFCBB0033C968 /* Project object */ = {
			isa = PBXProject;
			attributes = {
				BuildIndependentTargetsInParallel = 1;
				LastSwiftUpdateCheck = 1620;
				LastUpgradeCheck = 1620;
				TargetAttributes = {
					EDBC16102D0FFCBB0033C968 = {
						CreatedOnToolsVersion = 16.2;
					};
					EDBC16202D0FFCBC0033C968 = {
						CreatedOnToolsVersion = 16.2;
						TestTargetID = EDBC16102D0FFCBB0033C968;
					};
					EDBC162A2D0FFCBC0033C968 = {
						CreatedOnToolsVersion = 16.2;
						TestTargetID = EDBC16102D0FFCBB0033C968;
					};
				};
			};
			buildConfigurationList = EDBC160C2D0FFCBB0033C968 /* Build configuration list for PBXProject "PhotoFace" */;
			developmentRegion = en;
			hasScannedForEncodings = 0;
			knownRegions = (
				en,
				Base,
			);
			mainGroup = EDBC16082D0FFCBB0033C968;
			minimizedProjectReferenceProxies = 1;
			preferredProjectObjectVersion = 77;
			productRefGroup = EDBC16122D0FFCBB0033C968 /* Products */;
			projectDirPath = "";
			projectRoot = "";
			targets = (
				EDBC16102D0FFCBB0033C968 /* PhotoFace */,
				EDBC16202D0FFCBC0033C968 /* PhotoFaceTests */,
				EDBC162A2D0FFCBC0033C968 /* PhotoFaceUITests */,
			);
		};
/* End PBXProject section */

/* Begin PBXResourcesBuildPhase section */
		EDBC160F2D0FFCBB0033C968 /* Resources */ = {
			isa = PBXResourcesBuildPhase;
			buildActionMask = 2147483647;
			files = (
			);
			runOnlyForDeploymentPostprocessing = 0;
		};
		EDBC161F2D0FFCBC0033C968 /* Resources */ = {
			isa = PBXResourcesBuildPhase;
			buildActionMask = 2147483647;
			files = (
			);
			runOnlyForDeploymentPostprocessing = 0;
		};
		EDBC16292D0FFCBC0033C968 /* Resources */ = {
			isa = PBXResourcesBuildPhase;
			buildActionMask = 2147483647;
			files = (
			);
			runOnlyForDeploymentPostprocessing = 0;
		};
/* End PBXResourcesBuildPhase section */

/* Begin PBXSourcesBuildPhase section */
		EDBC160D2D0FFCBB0033C968 /* Sources */ = {
			isa = PBXSourcesBuildPhase;
			buildActionMask = 2147483647;
			files = (
			);
			runOnlyForDeploymentPostprocessing = 0;
		};
		EDBC161D2D0FFCBC0033C968 /* Sources */ = {
			isa = PBXSourcesBuildPhase;
			buildActionMask = 2147483647;
			files = (
			);
			runOnlyForDeploymentPostprocessing = 0;
		};
		EDBC16272D0FFCBC0033C968 /* Sources */ = {
			isa = PBXSourcesBuildPhase;
			buildActionMask = 2147483647;
			files = (
			);
			runOnlyForDeploymentPostprocessing = 0;
		};
/* End PBXSourcesBuildPhase section */

/* Begin PBXTargetDependency section */
		EDBC16232D0FFCBC0033C968 /* PBXTargetDependency */ = {
			isa = PBXTargetDependency;
			target = EDBC16102D0FFCBB0033C968 /* PhotoFace */;
			targetProxy = EDBC16222D0FFCBC0033C968 /* PBXContainerItemProxy */;
		};
		EDBC162D2D0FFCBC0033C968 /* PBXTargetDependency */ = {
			isa = PBXTargetDependency;
			target = EDBC16102D0FFCBB0033C968 /* PhotoFace */;
			targetProxy = EDBC162C2D0FFCBC0033C968 /* PBXContainerItemProxy */;
		};
/* End PBXTargetDependency section */

/* Begin XCBuildConfiguration section */
		EDBC16332D0FFCBC0033C968 /* Debug */ = {
			isa = XCBuildConfiguration;
			buildSettings = {
				ALWAYS_SEARCH_USER_PATHS = NO;
				ASSETCATALOG_COMPILER_GENERATE_SWIFT_ASSET_SYMBOL_EXTENSIONS = YES;
				CLANG_ANALYZER_NONNULL = YES;
				CLANG_ANALYZER_NUMBER_OBJECT_CONVERSION = YES_AGGRESSIVE;
				CLANG_CXX_LANGUAGE_STANDARD = "gnu++20";
				CLANG_ENABLE_MODULES = YES;
				CLANG_ENABLE_OBJC_ARC = YES;
				CLANG_ENABLE_OBJC_WEAK = YES;
				CLANG_WARN_BLOCK_CAPTURE_AUTORELEASING = YES;
				CLANG_WARN_BOOL_CONVERSION = YES;
				CLANG_WARN_COMMA = YES;
				CLANG_WARN_CONSTANT_CONVERSION = YES;
				CLANG_WARN_DEPRECATED_OBJC_IMPLEMENTATIONS = YES;
				CLANG_WARN_DIRECT_OBJC_ISA_USAGE = YES_ERROR;
				CLANG_WARN_DOCUMENTATION_COMMENTS = YES;
				CLANG_WARN_EMPTY_BODY = YES;
				CLANG_WARN_ENUM_CONVERSION = YES;
				CLANG_WARN_INFINITE_RECURSION = YES;
				CLANG_WARN_INT_CONVERSION = YES;
				CLANG_WARN_NON_LITERAL_NULL_CONVERSION = YES;
				CLANG_WARN_OBJC_IMPLICIT_RETAIN_SELF = YES;
				CLANG_WARN_OBJC_LITERAL_CONVERSION = YES;
				CLANG_WARN_OBJC_ROOT_CLASS = YES_ERROR;
				CLANG_WARN_QUOTED_INCLUDE_IN_FRAMEWORK_HEADER = YES;
				CLANG_WARN_RANGE_LOOP_ANALYSIS = YES;
				CLANG_WARN_STRICT_PROTOTYPES = YES;
				CLANG_WARN_SUSPICIOUS_MOVE = YES;
				CLANG_WARN_UNGUARDED_AVAILABILITY = YES_AGGRESSIVE;
				CLANG_WARN_UNREACHABLE_CODE = YES;
				CLANG_WARN__DUPLICATE_METHOD_MATCH = YES;
				COPY_PHASE_STRIP = NO;
				DEBUG_INFORMATION_FORMAT = dwarf;
				ENABLE_STRICT_OBJC_MSGSEND = YES;
				ENABLE_TESTABILITY = YES;
				ENABLE_USER_SCRIPT_SANDBOXING = YES;
				GCC_C_LANGUAGE_STANDARD = gnu17;
				GCC_DYNAMIC_NO_PIC = NO;
				GCC_NO_COMMON_BLOCKS = YES;
				GCC_OPTIMIZATION_LEVEL = 0;
				GCC_PREPROCESSOR_DEFINITIONS = (
					"DEBUG=1",
					"$(inherited)",
				);
				GCC_WARN_64_TO_32_BIT_CONVERSION = YES;
				GCC_WARN_ABOUT_RETURN_TYPE = YES_ERROR;
				GCC_WARN_UNDECLARED_SELECTOR = YES;
				GCC_WARN_UNINITIALIZED_AUTOS = YES_AGGRESSIVE;
				GCC_WARN_UNUSED_FUNCTION = YES;
				GCC_WARN_UNUSED_VARIABLE = YES;
				IPHONEOS_DEPLOYMENT_TARGET = 18.2;
				LOCALIZATION_PREFERS_STRING_CATALOGS = YES;
				MTL_ENABLE_DEBUG_INFO = INCLUDE_SOURCE;
				MTL_FAST_MATH = YES;
				ONLY_ACTIVE_ARCH = YES;
				SDKROOT = iphoneos;
				SWIFT_ACTIVE_COMPILATION_CONDITIONS = "DEBUG $(inherited)";
				SWIFT_OPTIMIZATION_LEVEL = "-Onone";
			};
			name = Debug;
		};
		EDBC16342D0FFCBC0033C968 /* Release */ = {
			isa = XCBuildConfiguration;
			buildSettings = {
				ALWAYS_SEARCH_USER_PATHS = NO;
				ASSETCATALOG_COMPILER_GENERATE_SWIFT_ASSET_SYMBOL_EXTENSIONS = YES;
				CLANG_ANALYZER_NONNULL = YES;
				CLANG_ANALYZER_NUMBER_OBJECT_CONVERSION = YES_AGGRESSIVE;
				CLANG_CXX_LANGUAGE_STANDARD = "gnu++20";
				CLANG_ENABLE_MODULES = YES;
				CLANG_ENABLE_OBJC_ARC = YES;
				CLANG_ENABLE_OBJC_WEAK = YES;
				CLANG_WARN_BLOCK_CAPTURE_AUTORELEASING = YES;
				CLANG_WARN_BOOL_CONVERSION = YES;
				CLANG_WARN_COMMA = YES;
				CLANG_WARN_CONSTANT_CONVERSION = YES;
				CLANG_WARN_DEPRECATED_OBJC_IMPLEMENTATIONS = YES;
				CLANG_WARN_DIRECT_OBJC_ISA_USAGE = YES_ERROR;
				CLANG_WARN_DOCUMENTATION_COMMENTS = YES;
				CLANG_WARN_EMPTY_BODY = YES;
				CLANG_WARN_ENUM_CONVERSION = YES;
				CLANG_WARN_INFINITE_RECURSION = YES;
				CLANG_WARN_INT_CONVERSION = YES;
				CLANG_WARN_NON_LITERAL_NULL_CONVERSION = YES;
				CLANG_WARN_OBJC_IMPLICIT_RETAIN_SELF = YES;
				CLANG_WARN_OBJC_LITERAL_CONVERSION = YES;
				CLANG_WARN_OBJC_ROOT_CLASS = YES_ERROR;
				CLANG_WARN_QUOTED_INCLUDE_IN_FRAMEWORK_HEADER = YES;
				CLANG_WARN_RANGE_LOOP_ANALYSIS = YES;
				CLANG_WARN_STRICT_PROTOTYPES = YES;
				CLANG_WARN_SUSPICIOUS_MOVE = YES;
				CLANG_WARN_UNGUARDED_AVAILABILITY = YES_AGGRESSIVE;
				CLANG_WARN_UNREACHABLE_CODE = YES;
				CLANG_WARN__DUPLICATE_METHOD_MATCH = YES;
				COPY_PHASE_STRIP = NO;
				DEBUG_INFORMATION_FORMAT = "dwarf-with-dsym";
				ENABLE_NS_ASSERTIONS = NO;
				ENABLE_STRICT_OBJC_MSGSEND = YES;
				ENABLE_USER_SCRIPT_SANDBOXING = YES;
				GCC_C_LANGUAGE_STANDARD = gnu17;
				GCC_NO_COMMON_BLOCKS = YES;
				GCC_WARN_64_TO_32_BIT_CONVERSION = YES;
				GCC_WARN_ABOUT_RETURN_TYPE = YES_ERROR;
				GCC_WARN_UNDECLARED_SELECTOR = YES;
				GCC_WARN_UNINITIALIZED_AUTOS = YES_AGGRESSIVE;
				GCC_WARN_UNUSED_FUNCTION = YES;
				GCC_WARN_UNUSED_VARIABLE = YES;
				IPHONEOS_DEPLOYMENT_TARGET = 18.2;
				LOCALIZATION_PREFERS_STRING_CATALOGS = YES;
				MTL_ENABLE_DEBUG_INFO = NO;
				MTL_FAST_MATH = YES;
				SDKROOT = iphoneos;
				SWIFT_COMPILATION_MODE = wholemodule;
				VALIDATE_PRODUCT = YES;
			};
			name = Release;
		};
		EDBC16362D0FFCBC0033C968 /* Debug */ = {
			isa = XCBuildConfiguration;
			buildSettings = {
				ASSETCATALOG_COMPILER_APPICON_NAME = AppIcon;
				ASSETCATALOG_COMPILER_GLOBAL_ACCENT_COLOR_NAME = AccentColor;
				CODE_SIGN_STYLE = Automatic;
				CURRENT_PROJECT_VERSION = 1;
				DEVELOPMENT_ASSET_PATHS = "\"PhotoFace/Preview Content\"";
				DEVELOPMENT_TEAM = F45YXDH2VQ;
				ENABLE_PREVIEWS = YES;
				GENERATE_INFOPLIST_FILE = YES;
				INFOPLIST_KEY_NSLocationWhenInUseUsageDescription = "To save the place";
				INFOPLIST_KEY_UIApplicationSceneManifest_Generation = YES;
				INFOPLIST_KEY_UIApplicationSupportsIndirectInputEvents = YES;
				INFOPLIST_KEY_UILaunchScreen_Generation = YES;
				INFOPLIST_KEY_UISupportedInterfaceOrientations_iPad = "UIInterfaceOrientationPortrait UIInterfaceOrientationPortraitUpsideDown UIInterfaceOrientationLandscapeLeft UIInterfaceOrientationLandscapeRight";
				INFOPLIST_KEY_UISupportedInterfaceOrientations_iPhone = "UIInterfaceOrientationPortrait UIInterfaceOrientationLandscapeLeft UIInterfaceOrientationLandscapeRight";
				LD_RUNPATH_SEARCH_PATHS = (
					"$(inherited)",
					"@executable_path/Frameworks",
				);
				MARKETING_VERSION = 1.0;
				PRODUCT_BUNDLE_IDENTIFIER = pallab.maiti.PhotoFace;
				PRODUCT_NAME = "$(TARGET_NAME)";
				SWIFT_EMIT_LOC_STRINGS = YES;
				SWIFT_VERSION = 5.0;
				TARGETED_DEVICE_FAMILY = "1,2";
			};
			name = Debug;
		};
		EDBC16372D0FFCBC0033C968 /* Release */ = {
			isa = XCBuildConfiguration;
			buildSettings = {
				ASSETCATALOG_COMPILER_APPICON_NAME = AppIcon;
				ASSETCATALOG_COMPILER_GLOBAL_ACCENT_COLOR_NAME = AccentColor;
				CODE_SIGN_STYLE = Automatic;
				CURRENT_PROJECT_VERSION = 1;
				DEVELOPMENT_ASSET_PATHS = "\"PhotoFace/Preview Content\"";
				DEVELOPMENT_TEAM = F45YXDH2VQ;
				ENABLE_PREVIEWS = YES;
				GENERATE_INFOPLIST_FILE = YES;
				INFOPLIST_KEY_NSLocationWhenInUseUsageDescription = "To save the place";
				INFOPLIST_KEY_UIApplicationSceneManifest_Generation = YES;
				INFOPLIST_KEY_UIApplicationSupportsIndirectInputEvents = YES;
				INFOPLIST_KEY_UILaunchScreen_Generation = YES;
				INFOPLIST_KEY_UISupportedInterfaceOrientations_iPad = "UIInterfaceOrientationPortrait UIInterfaceOrientationPortraitUpsideDown UIInterfaceOrientationLandscapeLeft UIInterfaceOrientationLandscapeRight";
				INFOPLIST_KEY_UISupportedInterfaceOrientations_iPhone = "UIInterfaceOrientationPortrait UIInterfaceOrientationLandscapeLeft UIInterfaceOrientationLandscapeRight";
				LD_RUNPATH_SEARCH_PATHS = (
					"$(inherited)",
					"@executable_path/Frameworks",
				);
				MARKETING_VERSION = 1.0;
				PRODUCT_BUNDLE_IDENTIFIER = pallab.maiti.PhotoFace;
				PRODUCT_NAME = "$(TARGET_NAME)";
				SWIFT_EMIT_LOC_STRINGS = YES;
				SWIFT_VERSION = 5.0;
				TARGETED_DEVICE_FAMILY = "1,2";
			};
			name = Release;
		};
		EDBC16392D0FFCBC0033C968 /* Debug */ = {
			isa = XCBuildConfiguration;
			buildSettings = {
				BUNDLE_LOADER = "$(TEST_HOST)";
				CODE_SIGN_STYLE = Automatic;
				CURRENT_PROJECT_VERSION = 1;
				DEVELOPMENT_TEAM = F45YXDH2VQ;
				GENERATE_INFOPLIST_FILE = YES;
				IPHONEOS_DEPLOYMENT_TARGET = 18.2;
				MARKETING_VERSION = 1.0;
				PRODUCT_BUNDLE_IDENTIFIER = pallab.maiti.PhotoFaceTests;
				PRODUCT_NAME = "$(TARGET_NAME)";
				SWIFT_EMIT_LOC_STRINGS = NO;
				SWIFT_VERSION = 5.0;
				TARGETED_DEVICE_FAMILY = "1,2";
				TEST_HOST = "$(BUILT_PRODUCTS_DIR)/PhotoFace.app/$(BUNDLE_EXECUTABLE_FOLDER_PATH)/PhotoFace";
			};
			name = Debug;
		};
		EDBC163A2D0FFCBC0033C968 /* Release */ = {
			isa = XCBuildConfiguration;
			buildSettings = {
				BUNDLE_LOADER = "$(TEST_HOST)";
				CODE_SIGN_STYLE = Automatic;
				CURRENT_PROJECT_VERSION = 1;
				DEVELOPMENT_TEAM = F45YXDH2VQ;
				GENERATE_INFOPLIST_FILE = YES;
				IPHONEOS_DEPLOYMENT_TARGET = 18.2;
				MARKETING_VERSION = 1.0;
				PRODUCT_BUNDLE_IDENTIFIER = pallab.maiti.PhotoFaceTests;
				PRODUCT_NAME = "$(TARGET_NAME)";
				SWIFT_EMIT_LOC_STRINGS = NO;
				SWIFT_VERSION = 5.0;
				TARGETED_DEVICE_FAMILY = "1,2";
				TEST_HOST = "$(BUILT_PRODUCTS_DIR)/PhotoFace.app/$(BUNDLE_EXECUTABLE_FOLDER_PATH)/PhotoFace";
			};
			name = Release;
		};
		EDBC163C2D0FFCBC0033C968 /* Debug */ = {
			isa = XCBuildConfiguration;
			buildSettings = {
				CODE_SIGN_STYLE = Automatic;
				CURRENT_PROJECT_VERSION = 1;
				DEVELOPMENT_TEAM = F45YXDH2VQ;
				GENERATE_INFOPLIST_FILE = YES;
				MARKETING_VERSION = 1.0;
				PRODUCT_BUNDLE_IDENTIFIER = pallab.maiti.PhotoFaceUITests;
				PRODUCT_NAME = "$(TARGET_NAME)";
				SWIFT_EMIT_LOC_STRINGS = NO;
				SWIFT_VERSION = 5.0;
				TARGETED_DEVICE_FAMILY = "1,2";
				TEST_TARGET_NAME = PhotoFace;
			};
			name = Debug;
		};
		EDBC163D2D0FFCBC0033C968 /* Release */ = {
			isa = XCBuildConfiguration;
			buildSettings = {
				CODE_SIGN_STYLE = Automatic;
				CURRENT_PROJECT_VERSION = 1;
				DEVELOPMENT_TEAM = F45YXDH2VQ;
				GENERATE_INFOPLIST_FILE = YES;
				MARKETING_VERSION = 1.0;
				PRODUCT_BUNDLE_IDENTIFIER = pallab.maiti.PhotoFaceUITests;
				PRODUCT_NAME = "$(TARGET_NAME)";
				SWIFT_EMIT_LOC_STRINGS = NO;
				SWIFT_VERSION = 5.0;
				TARGETED_DEVICE_FAMILY = "1,2";
				TEST_TARGET_NAME = PhotoFace;
			};
			name = Release;
		};
/* End XCBuildConfiguration section */

/* Begin XCConfigurationList section */
		EDBC160C2D0FFCBB0033C968 /* Build configuration list for PBXProject "PhotoFace" */ = {
			isa = XCConfigurationList;
			buildConfigurations = (
				EDBC16332D0FFCBC0033C968 /* Debug */,
				EDBC16342D0FFCBC0033C968 /* Release */,
			);
			defaultConfigurationIsVisible = 0;
			defaultConfigurationName = Release;
		};
		EDBC16352D0FFCBC0033C968 /* Build configuration list for PBXNativeTarget "PhotoFace" */ = {
			isa = XCConfigurationList;
			buildConfigurations = (
				EDBC16362D0FFCBC0033C968 /* Debug */,
				EDBC16372D0FFCBC0033C968 /* Release */,
			);
			defaultConfigurationIsVisible = 0;
			defaultConfigurationName = Release;
		};
		EDBC16382D0FFCBC0033C968 /* Build configuration list for PBXNativeTarget "PhotoFaceTests" */ = {
			isa = XCConfigurationList;
			buildConfigurations = (
				EDBC16392D0FFCBC0033C968 /* Debug */,
				EDBC163A2D0FFCBC0033C968 /* Release */,
			);
			defaultConfigurationIsVisible = 0;
			defaultConfigurationName = Release;
		};
		EDBC163B2D0FFCBC0033C968 /* Build configuration list for PBXNativeTarget "PhotoFaceUITests" */ = {
			isa = XCConfigurationList;
			buildConfigurations = (
				EDBC163C2D0FFCBC0033C968 /* Debug */,
				EDBC163D2D0FFCBC0033C968 /* Release */,
			);
			defaultConfigurationIsVisible = 0;
			defaultConfigurationName = Release;
		};
/* End XCConfigurationList section */
	};
	rootObject = EDBC16092D0FFCBB0033C968 /* Project object */;
}
